{
  "object": {
    "pins": [
      {
        "package": "RxSwift",
        "repositoryURL": "https://github.com/ReactiveX/RxSwift.git",
        "state": {
          "branch": "arm32_64",
          "revision": "e2bef7079bd7ea44e1ff15b4fd9b4d65be204737",
          "version": null
        }
      }
    ]
  },
  "version": 1
}
