{
  "object": {
    "pins": [
      {
        "package": "RxSwift",
        "repositoryURL": "https://github.com/ReactiveX/RxSwift.git",
        "state": {
          "branch": "main",
          "revision": "ef8b0abe3334c5853001577125c82c86c55b41ce",
          "version": null
        }
      }
    ]
  },
  "version": 1
}
